
Microsoft Visual Studio Solution File, Format Version 12.00
# Visual Studio Version 17
VisualStudioVersion = 17.9.34723.18
MinimumVisualStudioVersion = 10.0.40219.1
Project("{FAE04EC0-301F-11D3-BF4B-00C04F79EFBC}") = "APIDocker", "APIDocker\APIDocker.csproj", "{C76BBA6A-8649-42B4-97BE-B4F5B4B67148}"
EndProject
Global
	GlobalSection(SolutionConfigurationPlatforms) = preSolution
		Debug|Any CPU = Debug|Any CPU
		Release|Any CPU = Release|Any CPU
	EndGlobalSection
	GlobalSection(ProjectConfigurationPlatforms) = postSolution
		{C76BBA6A-8649-42B4-97BE-B4F5B4B67148}.Debug|Any CPU.ActiveCfg = Debug|Any CPU
		{C76BBA6A-8649-42B4-97BE-B4F5B4B67148}.Debug|Any CPU.Build.0 = Debug|Any CPU
		{C76BBA6A-8649-42B4-97BE-B4F5B4B67148}.Release|Any CPU.ActiveCfg = Release|Any CPU
		{C76BBA6A-8649-42B4-97BE-B4F5B4B67148}.Release|Any CPU.Build.0 = Release|Any CPU
	EndGlobalSection
	GlobalSection(SolutionProperties) = preSolution
		HideSolutionNode = FALSE
	EndGlobalSection
	GlobalSection(ExtensibilityGlobals) = postSolution
		SolutionGuid = {55817439-B5CE-450D-BE5A-FD7336D6D392}
	EndGlobalSection
EndGlobal
