
Microsoft Visual Studio Solution File, Format Version 12.00
# Visual Studio Version 17
VisualStudioVersion = 17.9.34723.18
MinimumVisualStudioVersion = 10.0.40219.1
Project("{FAE04EC0-301F-11D3-BF4B-00C04F79EFBC}") = "Books.Api", "Books.Api\Books.Api.csproj", "{DA7F2133-C6CC-47AA-9FBD-62419632B5A7}"
EndProject
Global
	GlobalSection(SolutionConfigurationPlatforms) = preSolution
		Debug|Any CPU = Debug|Any CPU
		Release|Any CPU = Release|Any CPU
	EndGlobalSection
	GlobalSection(ProjectConfigurationPlatforms) = postSolution
		{DA7F2133-C6CC-47AA-9FBD-62419632B5A7}.Debug|Any CPU.ActiveCfg = Debug|Any CPU
		{DA7F2133-C6CC-47AA-9FBD-62419632B5A7}.Debug|Any CPU.Build.0 = Debug|Any CPU
		{DA7F2133-C6CC-47AA-9FBD-62419632B5A7}.Release|Any CPU.ActiveCfg = Release|Any CPU
		{DA7F2133-C6CC-47AA-9FBD-62419632B5A7}.Release|Any CPU.Build.0 = Release|Any CPU
	EndGlobalSection
	GlobalSection(SolutionProperties) = preSolution
		HideSolutionNode = FALSE
	EndGlobalSection
	GlobalSection(ExtensibilityGlobals) = postSolution
		SolutionGuid = {C4535D3E-A4E1-44B7-8DA8-5D105DA708FB}
	EndGlobalSection
EndGlobal
