
Microsoft Visual Studio Solution File, Format Version 12.00
# Visual Studio Version 17
VisualStudioVersion = 17.9.34723.18
MinimumVisualStudioVersion = 10.0.40219.1
Project("{FAE04EC0-301F-11D3-BF4B-00C04F79EFBC}") = "Ticketing.Microservice", "Ticketing.Microservice\Ticketing.Microservice.csproj", "{C4E2A8FF-8E56-4C9B-8A24-9F3E635AE103}"
EndProject
Project("{FAE04EC0-301F-11D3-BF4B-00C04F79EFBC}") = "TicketingConsumer.Microservice", "TicketingConsumer.Microservice\TicketingConsumer.Microservice.csproj", "{AADFF1A2-7040-4CBC-9B5B-D7CA4B8CAE8E}"
EndProject
Project("{FAE04EC0-301F-11D3-BF4B-00C04F79EFBC}") = "Shared", "Shared\Shared.csproj", "{A1428530-DD43-4386-99C5-C849A4CBBFA4}"
EndProject
Global
	GlobalSection(SolutionConfigurationPlatforms) = preSolution
		Debug|Any CPU = Debug|Any CPU
		Release|Any CPU = Release|Any CPU
	EndGlobalSection
	GlobalSection(ProjectConfigurationPlatforms) = postSolution
		{C4E2A8FF-8E56-4C9B-8A24-9F3E635AE103}.Debug|Any CPU.ActiveCfg = Debug|Any CPU
		{C4E2A8FF-8E56-4C9B-8A24-9F3E635AE103}.Debug|Any CPU.Build.0 = Debug|Any CPU
		{C4E2A8FF-8E56-4C9B-8A24-9F3E635AE103}.Release|Any CPU.ActiveCfg = Release|Any CPU
		{C4E2A8FF-8E56-4C9B-8A24-9F3E635AE103}.Release|Any CPU.Build.0 = Release|Any CPU
		{AADFF1A2-7040-4CBC-9B5B-D7CA4B8CAE8E}.Debug|Any CPU.ActiveCfg = Debug|Any CPU
		{AADFF1A2-7040-4CBC-9B5B-D7CA4B8CAE8E}.Debug|Any CPU.Build.0 = Debug|Any CPU
		{AADFF1A2-7040-4CBC-9B5B-D7CA4B8CAE8E}.Release|Any CPU.ActiveCfg = Release|Any CPU
		{AADFF1A2-7040-4CBC-9B5B-D7CA4B8CAE8E}.Release|Any CPU.Build.0 = Release|Any CPU
		{A1428530-DD43-4386-99C5-C849A4CBBFA4}.Debug|Any CPU.ActiveCfg = Debug|Any CPU
		{A1428530-DD43-4386-99C5-C849A4CBBFA4}.Debug|Any CPU.Build.0 = Debug|Any CPU
		{A1428530-DD43-4386-99C5-C849A4CBBFA4}.Release|Any CPU.ActiveCfg = Release|Any CPU
		{A1428530-DD43-4386-99C5-C849A4CBBFA4}.Release|Any CPU.Build.0 = Release|Any CPU
	EndGlobalSection
	GlobalSection(SolutionProperties) = preSolution
		HideSolutionNode = FALSE
	EndGlobalSection
	GlobalSection(ExtensibilityGlobals) = postSolution
		SolutionGuid = {3D69E7CF-FC70-4E07-A03B-8602AB16192F}
	EndGlobalSection
EndGlobal
