
Microsoft Visual Studio Solution File, Format Version 12.00
# Visual Studio Version 17
VisualStudioVersion = 17.9.34723.18
MinimumVisualStudioVersion = 10.0.40219.1
Project("{FAE04EC0-301F-11D3-BF4B-00C04F79EFBC}") = "fetchAPI", "fetchAPI\fetchAPI.csproj", "{94268647-92C2-41DF-9111-BD808A3693AF}"
EndProject
Global
	GlobalSection(SolutionConfigurationPlatforms) = preSolution
		Debug|Any CPU = Debug|Any CPU
		Release|Any CPU = Release|Any CPU
	EndGlobalSection
	GlobalSection(ProjectConfigurationPlatforms) = postSolution
		{94268647-92C2-41DF-9111-BD808A3693AF}.Debug|Any CPU.ActiveCfg = Debug|Any CPU
		{94268647-92C2-41DF-9111-BD808A3693AF}.Debug|Any CPU.Build.0 = Debug|Any CPU
		{94268647-92C2-41DF-9111-BD808A3693AF}.Release|Any CPU.ActiveCfg = Release|Any CPU
		{94268647-92C2-41DF-9111-BD808A3693AF}.Release|Any CPU.Build.0 = Release|Any CPU
	EndGlobalSection
	GlobalSection(SolutionProperties) = preSolution
		HideSolutionNode = FALSE
	EndGlobalSection
	GlobalSection(ExtensibilityGlobals) = postSolution
		SolutionGuid = {069F6F6A-88FF-44D8-98C8-3A6460360D26}
	EndGlobalSection
EndGlobal
